
Microsoft Visual Studio Solution File, Format Version 12.00
# Visual Studio Version 17
VisualStudioVersion = 17.8.34227.203
MinimumVisualStudioVersion = 10.0.40219.1
Project("{2150E333-8FDC-42A3-9474-1A3956D46DE8}") = "Reference Projects", "Reference Projects", "{50719ACF-7F7C-42B7-8223-BD0490EBCD07}"
EndProject
Project("{9A19103F-16F7-4668-BE54-9A1E7A4F7556}") = "ApeFree.Protocols.Json", "..\ApeFree.Protocols\ApeFree.Protocols.Json\ApeFree.Protocols.Json.csproj", "{F8BE276E-945D-4ABF-8570-7524467D07B7}"
EndProject
Project("{9A19103F-16F7-4668-BE54-9A1E7A4F7556}") = "ApeFree.ApeRpc", "..\ApeFree.ApeRpc\ApeFree.ApeRpc\ApeFree.ApeRpc.csproj", "{DC36964A-4762-44FC-A858-68FF0249E415}"
EndProject
Project("{9A19103F-16F7-4668-BE54-9A1E7A4F7556}") = "ApeFree.ApeRpc.Mqtt", "..\ApeFree.ApeRpc\ApeFree.ApeRpc.Mqtt\ApeFree.ApeRpc.Mqtt.csproj", "{BB923A7B-CE85-4229-9A71-723D48B19F38}"
EndProject
Project("{9A19103F-16F7-4668-BE54-9A1E7A4F7556}") = "ApeFree.Reflection.Rpc", "..\ApeFree.Reflection\ApeFree.Reflection.Rpc\ApeFree.Reflection.Rpc.csproj", "{CE3029FA-C886-4402-9177-D50368C1F4E4}"
EndProject
Project("{2150E333-8FDC-42A3-9474-1A3956D46DE8}") = "RPC", "RPC", "{853A7211-5E84-48C7-B53D-AFE917B3727A}"
EndProject
Project("{2150E333-8FDC-42A3-9474-1A3956D46DE8}") = "GUI", "GUI", "{933608F1-2910-4494-80EE-AB575816194A}"
EndProject
Project("{9A19103F-16F7-4668-BE54-9A1E7A4F7556}") = "ApeFree.ApeDialogs", "..\ApeFree.ApeDialogs\ApeFree.ApeDialogs\ApeFree.ApeDialogs.csproj", "{799E05D1-BC8B-4495-926B-11DFA4C57F4E}"
EndProject
Project("{9A19103F-16F7-4668-BE54-9A1E7A4F7556}") = "ApeFree.Cake2D", "..\ApeFree.Cake2D\ApeFree.Cake2D\ApeFree.Cake2D.csproj", "{066A98CA-3054-4E93-8B0F-03599973F077}"
EndProject
Project("{9A19103F-16F7-4668-BE54-9A1E7A4F7556}") = "ApeFree.ApeForms.Core", "..\ApeFree.ApeForms\ApeFree.ApeForms.Core\ApeFree.ApeForms.Core.csproj", "{29E9FE9E-C03A-4AF6-8E9A-7A214BE48C1A}"
EndProject
Project("{9A19103F-16F7-4668-BE54-9A1E7A4F7556}") = "ApeFree.ApeForms.Forms", "..\ApeFree.ApeForms\ApeFree.ApeForms.Forms\ApeFree.ApeForms.Forms.csproj", "{B59F294F-E074-47AB-A4EC-CA307B0AADED}"
EndProject
Project("{9A19103F-16F7-4668-BE54-9A1E7A4F7556}") = "STTech.CodePlus", "..\STTech.CodePlus\STTech.CodePlus\STTech.CodePlus.csproj", "{C2281A1A-940C-4E2D-BB9B-A1A6465D1AE2}"
EndProject
Project("{2150E333-8FDC-42A3-9474-1A3956D46DE8}") = "Common", "Common", "{06A836D5-95E3-4628-9A41-6823C6005AC0}"
EndProject
Project("{9A19103F-16F7-4668-BE54-9A1E7A4F7556}") = "ApeFree.ApeDesk.Win", "ApeFree.ApeDesk.Win\ApeFree.ApeDesk.Win.csproj", "{B61B7840-455D-488C-89DE-5C0472D2F03A}"
EndProject
Project("{9A19103F-16F7-4668-BE54-9A1E7A4F7556}") = "ApeFree.ApeDesk.Core", "ApeFree.ApeDesk.Core\ApeFree.ApeDesk.Core.csproj", "{3F922B67-B74D-45CF-95D4-28C155379F64}"
EndProject
Project("{2150E333-8FDC-42A3-9474-1A3956D46DE8}") = "Demo", "Demo", "{6439DEE4-552A-4DD4-8323-AA76493DE998}"
EndProject
Project("{FAE04EC0-301F-11D3-BF4B-00C04F79EFBC}") = "ApeFree.ApeDesk.Win.Master", "ApeFree.ApeDesk.Win.Master\ApeFree.ApeDesk.Win.Master.csproj", "{A08B49D6-C3F0-4CE0-B194-5898F78B4C9A}"
EndProject
Project("{FAE04EC0-301F-11D3-BF4B-00C04F79EFBC}") = "ApeFree.ApeDesk.Win.Slave", "ApeFree.ApeDesk.Win.Slave\ApeFree.ApeDesk.Win.Slave.csproj", "{58295570-848B-4D73-85D5-E4B8F88F0E93}"
EndProject
Project("{FAE04EC0-301F-11D3-BF4B-00C04F79EFBC}") = "ApeFree.ApeDesk.Win.XMaster", "ApeFree.ApeDesk.Win.XMaster\ApeFree.ApeDesk.Win.XMaster.csproj", "{76D9AAF5-5329-4A6D-91F2-00D575B1D903}"
EndProject
Global
	GlobalSection(SolutionConfigurationPlatforms) = preSolution
		Debug|Any CPU = Debug|Any CPU
		Release|Any CPU = Release|Any CPU
	EndGlobalSection
	GlobalSection(ProjectConfigurationPlatforms) = postSolution
		{F8BE276E-945D-4ABF-8570-7524467D07B7}.Debug|Any CPU.ActiveCfg = Debug|Any CPU
		{F8BE276E-945D-4ABF-8570-7524467D07B7}.Debug|Any CPU.Build.0 = Debug|Any CPU
		{F8BE276E-945D-4ABF-8570-7524467D07B7}.Release|Any CPU.ActiveCfg = Release|Any CPU
		{F8BE276E-945D-4ABF-8570-7524467D07B7}.Release|Any CPU.Build.0 = Release|Any CPU
		{DC36964A-4762-44FC-A858-68FF0249E415}.Debug|Any CPU.ActiveCfg = Debug|Any CPU
		{DC36964A-4762-44FC-A858-68FF0249E415}.Debug|Any CPU.Build.0 = Debug|Any CPU
		{DC36964A-4762-44FC-A858-68FF0249E415}.Release|Any CPU.ActiveCfg = Release|Any CPU
		{DC36964A-4762-44FC-A858-68FF0249E415}.Release|Any CPU.Build.0 = Release|Any CPU
		{BB923A7B-CE85-4229-9A71-723D48B19F38}.Debug|Any CPU.ActiveCfg = Debug|Any CPU
		{BB923A7B-CE85-4229-9A71-723D48B19F38}.Debug|Any CPU.Build.0 = Debug|Any CPU
		{BB923A7B-CE85-4229-9A71-723D48B19F38}.Release|Any CPU.ActiveCfg = Release|Any CPU
		{BB923A7B-CE85-4229-9A71-723D48B19F38}.Release|Any CPU.Build.0 = Release|Any CPU
		{CE3029FA-C886-4402-9177-D50368C1F4E4}.Debug|Any CPU.ActiveCfg = Debug|Any CPU
		{CE3029FA-C886-4402-9177-D50368C1F4E4}.Debug|Any CPU.Build.0 = Debug|Any CPU
		{CE3029FA-C886-4402-9177-D50368C1F4E4}.Release|Any CPU.ActiveCfg = Release|Any CPU
		{CE3029FA-C886-4402-9177-D50368C1F4E4}.Release|Any CPU.Build.0 = Release|Any CPU
		{799E05D1-BC8B-4495-926B-11DFA4C57F4E}.Debug|Any CPU.ActiveCfg = Debug|Any CPU
		{799E05D1-BC8B-4495-926B-11DFA4C57F4E}.Debug|Any CPU.Build.0 = Debug|Any CPU
		{799E05D1-BC8B-4495-926B-11DFA4C57F4E}.Release|Any CPU.ActiveCfg = Release|Any CPU
		{799E05D1-BC8B-4495-926B-11DFA4C57F4E}.Release|Any CPU.Build.0 = Release|Any CPU
		{066A98CA-3054-4E93-8B0F-03599973F077}.Debug|Any CPU.ActiveCfg = Debug|Any CPU
		{066A98CA-3054-4E93-8B0F-03599973F077}.Debug|Any CPU.Build.0 = Debug|Any CPU
		{066A98CA-3054-4E93-8B0F-03599973F077}.Release|Any CPU.ActiveCfg = Release|Any CPU
		{066A98CA-3054-4E93-8B0F-03599973F077}.Release|Any CPU.Build.0 = Release|Any CPU
		{29E9FE9E-C03A-4AF6-8E9A-7A214BE48C1A}.Debug|Any CPU.ActiveCfg = Debug|Any CPU
		{29E9FE9E-C03A-4AF6-8E9A-7A214BE48C1A}.Debug|Any CPU.Build.0 = Debug|Any CPU
		{29E9FE9E-C03A-4AF6-8E9A-7A214BE48C1A}.Release|Any CPU.ActiveCfg = Release|Any CPU
		{29E9FE9E-C03A-4AF6-8E9A-7A214BE48C1A}.Release|Any CPU.Build.0 = Release|Any CPU
		{B59F294F-E074-47AB-A4EC-CA307B0AADED}.Debug|Any CPU.ActiveCfg = Debug|Any CPU
		{B59F294F-E074-47AB-A4EC-CA307B0AADED}.Debug|Any CPU.Build.0 = Debug|Any CPU
		{B59F294F-E074-47AB-A4EC-CA307B0AADED}.Release|Any CPU.ActiveCfg = Release|Any CPU
		{B59F294F-E074-47AB-A4EC-CA307B0AADED}.Release|Any CPU.Build.0 = Release|Any CPU
		{C2281A1A-940C-4E2D-BB9B-A1A6465D1AE2}.Debug|Any CPU.ActiveCfg = Debug|Any CPU
		{C2281A1A-940C-4E2D-BB9B-A1A6465D1AE2}.Debug|Any CPU.Build.0 = Debug|Any CPU
		{C2281A1A-940C-4E2D-BB9B-A1A6465D1AE2}.Release|Any CPU.ActiveCfg = Release|Any CPU
		{C2281A1A-940C-4E2D-BB9B-A1A6465D1AE2}.Release|Any CPU.Build.0 = Release|Any CPU
		{B61B7840-455D-488C-89DE-5C0472D2F03A}.Debug|Any CPU.ActiveCfg = Debug|Any CPU
		{B61B7840-455D-488C-89DE-5C0472D2F03A}.Debug|Any CPU.Build.0 = Debug|Any CPU
		{B61B7840-455D-488C-89DE-5C0472D2F03A}.Release|Any CPU.ActiveCfg = Release|Any CPU
		{B61B7840-455D-488C-89DE-5C0472D2F03A}.Release|Any CPU.Build.0 = Release|Any CPU
		{3F922B67-B74D-45CF-95D4-28C155379F64}.Debug|Any CPU.ActiveCfg = Debug|Any CPU
		{3F922B67-B74D-45CF-95D4-28C155379F64}.Debug|Any CPU.Build.0 = Debug|Any CPU
		{3F922B67-B74D-45CF-95D4-28C155379F64}.Release|Any CPU.ActiveCfg = Release|Any CPU
		{3F922B67-B74D-45CF-95D4-28C155379F64}.Release|Any CPU.Build.0 = Release|Any CPU
		{A08B49D6-C3F0-4CE0-B194-5898F78B4C9A}.Debug|Any CPU.ActiveCfg = Debug|Any CPU
		{A08B49D6-C3F0-4CE0-B194-5898F78B4C9A}.Debug|Any CPU.Build.0 = Debug|Any CPU
		{A08B49D6-C3F0-4CE0-B194-5898F78B4C9A}.Release|Any CPU.ActiveCfg = Release|Any CPU
		{A08B49D6-C3F0-4CE0-B194-5898F78B4C9A}.Release|Any CPU.Build.0 = Release|Any CPU
		{58295570-848B-4D73-85D5-E4B8F88F0E93}.Debug|Any CPU.ActiveCfg = Debug|Any CPU
		{58295570-848B-4D73-85D5-E4B8F88F0E93}.Debug|Any CPU.Build.0 = Debug|Any CPU
		{58295570-848B-4D73-85D5-E4B8F88F0E93}.Release|Any CPU.ActiveCfg = Release|Any CPU
		{58295570-848B-4D73-85D5-E4B8F88F0E93}.Release|Any CPU.Build.0 = Release|Any CPU
		{76D9AAF5-5329-4A6D-91F2-00D575B1D903}.Debug|Any CPU.ActiveCfg = Debug|Any CPU
		{76D9AAF5-5329-4A6D-91F2-00D575B1D903}.Debug|Any CPU.Build.0 = Debug|Any CPU
		{76D9AAF5-5329-4A6D-91F2-00D575B1D903}.Release|Any CPU.ActiveCfg = Release|Any CPU
		{76D9AAF5-5329-4A6D-91F2-00D575B1D903}.Release|Any CPU.Build.0 = Release|Any CPU
	EndGlobalSection
	GlobalSection(SolutionProperties) = preSolution
		HideSolutionNode = FALSE
	EndGlobalSection
	GlobalSection(NestedProjects) = preSolution
		{F8BE276E-945D-4ABF-8570-7524467D07B7} = {853A7211-5E84-48C7-B53D-AFE917B3727A}
		{DC36964A-4762-44FC-A858-68FF0249E415} = {853A7211-5E84-48C7-B53D-AFE917B3727A}
		{BB923A7B-CE85-4229-9A71-723D48B19F38} = {853A7211-5E84-48C7-B53D-AFE917B3727A}
		{CE3029FA-C886-4402-9177-D50368C1F4E4} = {853A7211-5E84-48C7-B53D-AFE917B3727A}
		{853A7211-5E84-48C7-B53D-AFE917B3727A} = {50719ACF-7F7C-42B7-8223-BD0490EBCD07}
		{933608F1-2910-4494-80EE-AB575816194A} = {50719ACF-7F7C-42B7-8223-BD0490EBCD07}
		{799E05D1-BC8B-4495-926B-11DFA4C57F4E} = {933608F1-2910-4494-80EE-AB575816194A}
		{066A98CA-3054-4E93-8B0F-03599973F077} = {933608F1-2910-4494-80EE-AB575816194A}
		{29E9FE9E-C03A-4AF6-8E9A-7A214BE48C1A} = {933608F1-2910-4494-80EE-AB575816194A}
		{B59F294F-E074-47AB-A4EC-CA307B0AADED} = {933608F1-2910-4494-80EE-AB575816194A}
		{C2281A1A-940C-4E2D-BB9B-A1A6465D1AE2} = {06A836D5-95E3-4628-9A41-6823C6005AC0}
		{06A836D5-95E3-4628-9A41-6823C6005AC0} = {50719ACF-7F7C-42B7-8223-BD0490EBCD07}
		{A08B49D6-C3F0-4CE0-B194-5898F78B4C9A} = {6439DEE4-552A-4DD4-8323-AA76493DE998}
		{58295570-848B-4D73-85D5-E4B8F88F0E93} = {6439DEE4-552A-4DD4-8323-AA76493DE998}
		{76D9AAF5-5329-4A6D-91F2-00D575B1D903} = {6439DEE4-552A-4DD4-8323-AA76493DE998}
	EndGlobalSection
	GlobalSection(ExtensibilityGlobals) = postSolution
		SolutionGuid = {CC417A85-9EC3-42B7-98FE-A79164077B91}
	EndGlobalSection
EndGlobal
